Microsoft Visual Studio Solution File, Format Version 12.00
# Visual Studio Version 17
VisualStudioVersion = 17.5.2.0
MinimumVisualStudioVersion = 10.0.40219.1
Project("{2150E333-8FDC-42A3-9474-1A3956D46DE8}") = "microservices", "microservices", "{8A367DDA-5161-A942-4F09-60E4726C9306}"
EndProject
Project("{2150E333-8FDC-42A3-9474-1A3956D46DE8}") = "src", "src", "{827E0CD3-B72D-47B6-A68D-7590B98EB39B}"
EndProject
Project("{FAE04EC0-301F-11D3-BF4B-00C04F79EFBC}") = "GetChild", "microservices\GetChild\GetChild.csproj", "{3717C4F2-09BB-1FF3-6C27-76DF089E8D77}"
EndProject
Project("{FAE04EC0-301F-11D3-BF4B-00C04F79EFBC}") = "AddMember", "microservices\AddMember\AddMember.csproj", "{8C5074C4-E377-B213-9928-C1D6BFCC90B3}"
EndProject
Project("{FAE04EC0-301F-11D3-BF4B-00C04F79EFBC}") = "PickAge", "microservices\PickAge\PickAge.csproj", "{84F6DD09-FB8A-9667-D5CF-CF2D09F897A5}"
EndProject
Project("{FAE04EC0-301F-11D3-BF4B-00C04F79EFBC}") = "AddAdult", "microservices\AddAdult\AddAdult.csproj", "{6887B436-04DA-A75D-691A-7A9CBCAC9BF6}"
EndProject
Project("{FAE04EC0-301F-11D3-BF4B-00C04F79EFBC}") = "AddChild", "microservices\AddChild\AddChild.csproj", "{680B2A40-450F-246B-9E67-52FF4A9AFBFD}"
EndProject
Project("{FAE04EC0-301F-11D3-BF4B-00C04F79EFBC}") = "GetAdultById", "microservices\GetAdultById\GetAdultById.csproj", "{598E053A-D393-FD96-A016-82AF5BB8B48C}"
EndProject
Project("{FAE04EC0-301F-11D3-BF4B-00C04F79EFBC}") = "GetAdults", "microservices\GetAdults\GetAdults.csproj", "{42BC20A1-C1E2-E7BF-64DD-23A389AFAF8F}"
EndProject
Project("{FAE04EC0-301F-11D3-BF4B-00C04F79EFBC}") = "GetChildById", "microservices\GetChildById\GetChildById.csproj", "{FFF136C8-1FD0-C6BF-F8A7-CFD6601FF7E3}"
EndProject
Project("{FAE04EC0-301F-11D3-BF4B-00C04F79EFBC}") = "ApiGlobal", "src\ApiGlobal\ApiGlobal.csproj", "{4A42B047-E70C-117D-7040-84D9485A68C9}"
EndProject
Global
	GlobalSection(SolutionConfigurationPlatforms) = preSolution
		Debug|Any CPU = Debug|Any CPU
		Release|Any CPU = Release|Any CPU
	EndGlobalSection
	GlobalSection(ProjectConfigurationPlatforms) = postSolution
		{3717C4F2-09BB-1FF3-6C27-76DF089E8D77}.Debug|Any CPU.ActiveCfg = Debug|Any CPU
		{3717C4F2-09BB-1FF3-6C27-76DF089E8D77}.Debug|Any CPU.Build.0 = Debug|Any CPU
		{3717C4F2-09BB-1FF3-6C27-76DF089E8D77}.Release|Any CPU.ActiveCfg = Release|Any CPU
		{3717C4F2-09BB-1FF3-6C27-76DF089E8D77}.Release|Any CPU.Build.0 = Release|Any CPU
		{8C5074C4-E377-B213-9928-C1D6BFCC90B3}.Debug|Any CPU.ActiveCfg = Debug|Any CPU
		{8C5074C4-E377-B213-9928-C1D6BFCC90B3}.Debug|Any CPU.Build.0 = Debug|Any CPU
		{8C5074C4-E377-B213-9928-C1D6BFCC90B3}.Release|Any CPU.ActiveCfg = Release|Any CPU
		{8C5074C4-E377-B213-9928-C1D6BFCC90B3}.Release|Any CPU.Build.0 = Release|Any CPU
		{84F6DD09-FB8A-9667-D5CF-CF2D09F897A5}.Debug|Any CPU.ActiveCfg = Debug|Any CPU
		{84F6DD09-FB8A-9667-D5CF-CF2D09F897A5}.Debug|Any CPU.Build.0 = Debug|Any CPU
		{84F6DD09-FB8A-9667-D5CF-CF2D09F897A5}.Release|Any CPU.ActiveCfg = Release|Any CPU
		{84F6DD09-FB8A-9667-D5CF-CF2D09F897A5}.Release|Any CPU.Build.0 = Release|Any CPU
		{6887B436-04DA-A75D-691A-7A9CBCAC9BF6}.Debug|Any CPU.ActiveCfg = Debug|Any CPU
		{6887B436-04DA-A75D-691A-7A9CBCAC9BF6}.Debug|Any CPU.Build.0 = Debug|Any CPU
		{6887B436-04DA-A75D-691A-7A9CBCAC9BF6}.Release|Any CPU.ActiveCfg = Release|Any CPU
		{6887B436-04DA-A75D-691A-7A9CBCAC9BF6}.Release|Any CPU.Build.0 = Release|Any CPU
		{680B2A40-450F-246B-9E67-52FF4A9AFBFD}.Debug|Any CPU.ActiveCfg = Debug|Any CPU
		{680B2A40-450F-246B-9E67-52FF4A9AFBFD}.Debug|Any CPU.Build.0 = Debug|Any CPU
		{680B2A40-450F-246B-9E67-52FF4A9AFBFD}.Release|Any CPU.ActiveCfg = Release|Any CPU
		{680B2A40-450F-246B-9E67-52FF4A9AFBFD}.Release|Any CPU.Build.0 = Release|Any CPU
		{598E053A-D393-FD96-A016-82AF5BB8B48C}.Debug|Any CPU.ActiveCfg = Debug|Any CPU
		{598E053A-D393-FD96-A016-82AF5BB8B48C}.Debug|Any CPU.Build.0 = Debug|Any CPU
		{598E053A-D393-FD96-A016-82AF5BB8B48C}.Release|Any CPU.ActiveCfg = Release|Any CPU
		{598E053A-D393-FD96-A016-82AF5BB8B48C}.Release|Any CPU.Build.0 = Release|Any CPU
		{42BC20A1-C1E2-E7BF-64DD-23A389AFAF8F}.Debug|Any CPU.ActiveCfg = Debug|Any CPU
		{42BC20A1-C1E2-E7BF-64DD-23A389AFAF8F}.Debug|Any CPU.Build.0 = Debug|Any CPU
		{42BC20A1-C1E2-E7BF-64DD-23A389AFAF8F}.Release|Any CPU.ActiveCfg = Release|Any CPU
		{42BC20A1-C1E2-E7BF-64DD-23A389AFAF8F}.Release|Any CPU.Build.0 = Release|Any CPU
		{FFF136C8-1FD0-C6BF-F8A7-CFD6601FF7E3}.Debug|Any CPU.ActiveCfg = Debug|Any CPU
		{FFF136C8-1FD0-C6BF-F8A7-CFD6601FF7E3}.Debug|Any CPU.Build.0 = Debug|Any CPU
		{FFF136C8-1FD0-C6BF-F8A7-CFD6601FF7E3}.Release|Any CPU.ActiveCfg = Release|Any CPU
		{FFF136C8-1FD0-C6BF-F8A7-CFD6601FF7E3}.Release|Any CPU.Build.0 = Release|Any CPU
		{4A42B047-E70C-117D-7040-84D9485A68C9}.Debug|Any CPU.ActiveCfg = Debug|Any CPU
		{4A42B047-E70C-117D-7040-84D9485A68C9}.Debug|Any CPU.Build.0 = Debug|Any CPU
		{4A42B047-E70C-117D-7040-84D9485A68C9}.Release|Any CPU.ActiveCfg = Release|Any CPU
		{4A42B047-E70C-117D-7040-84D9485A68C9}.Release|Any CPU.Build.0 = Release|Any CPU
	EndGlobalSection
	GlobalSection(SolutionProperties) = preSolution
		HideSolutionNode = FALSE
	EndGlobalSection
	GlobalSection(NestedProjects) = preSolution
		{3717C4F2-09BB-1FF3-6C27-76DF089E8D77} = {8A367DDA-5161-A942-4F09-60E4726C9306}
		{8C5074C4-E377-B213-9928-C1D6BFCC90B3} = {8A367DDA-5161-A942-4F09-60E4726C9306}
		{84F6DD09-FB8A-9667-D5CF-CF2D09F897A5} = {8A367DDA-5161-A942-4F09-60E4726C9306}
		{6887B436-04DA-A75D-691A-7A9CBCAC9BF6} = {8A367DDA-5161-A942-4F09-60E4726C9306}
		{680B2A40-450F-246B-9E67-52FF4A9AFBFD} = {8A367DDA-5161-A942-4F09-60E4726C9306}
		{598E053A-D393-FD96-A016-82AF5BB8B48C} = {8A367DDA-5161-A942-4F09-60E4726C9306}
		{42BC20A1-C1E2-E7BF-64DD-23A389AFAF8F} = {8A367DDA-5161-A942-4F09-60E4726C9306}
		{FFF136C8-1FD0-C6BF-F8A7-CFD6601FF7E3} = {8A367DDA-5161-A942-4F09-60E4726C9306}
		{4A42B047-E70C-117D-7040-84D9485A68C9} = {827E0CD3-B72D-47B6-A68D-7590B98EB39B}
	EndGlobalSection
	GlobalSection(ExtensibilityGlobals) = postSolution
		SolutionGuid = {005A81B3-6DCB-49EF-8CC3-E103D2C21B6F}
	EndGlobalSection
EndGlobal
